
Microsoft Visual Studio Solution File, Format Version 12.00
# Visual Studio Version 16
VisualStudioVersion = 16.0.33423.256
MinimumVisualStudioVersion = 10.0.40219.1
Project("{FAE04EC0-301F-11D3-BF4B-00C04F79EFBC}") = "problem3", "problem3.csproj", "{B9FFE3CE-FEE2-477A-8C1E-73E645031D0A}"
EndProject
Global
	GlobalSection(SolutionConfigurationPlatforms) = preSolution
		Debug|Any CPU = Debug|Any CPU
		Release|Any CPU = Release|Any CPU
	EndGlobalSection
	GlobalSection(ProjectConfigurationPlatforms) = postSolution
		{B9FFE3CE-FEE2-477A-8C1E-73E645031D0A}.Debug|Any CPU.ActiveCfg = Debug|Any CPU
		{B9FFE3CE-FEE2-477A-8C1E-73E645031D0A}.Debug|Any CPU.Build.0 = Debug|Any CPU
		{B9FFE3CE-FEE2-477A-8C1E-73E645031D0A}.Release|Any CPU.ActiveCfg = Release|Any CPU
		{B9FFE3CE-FEE2-477A-8C1E-73E645031D0A}.Release|Any CPU.Build.0 = Release|Any CPU
	EndGlobalSection
	GlobalSection(SolutionProperties) = preSolution
		HideSolutionNode = FALSE
	EndGlobalSection
	GlobalSection(ExtensibilityGlobals) = postSolution
		SolutionGuid = {C3B2ADE7-8E73-4B37-9E6E-4CBA25C4072F}
	EndGlobalSection
EndGlobal
