
Microsoft Visual Studio Solution File, Format Version 12.00
# Visual Studio Version 16
VisualStudioVersion = 16.0.33423.256
MinimumVisualStudioVersion = 10.0.40219.1
Project("{FAE04EC0-301F-11D3-BF4B-00C04F79EFBC}") = "problem2", "problem2.csproj", "{87514329-6D54-4325-8662-A43BAE45AFD2}"
EndProject
Global
	GlobalSection(SolutionConfigurationPlatforms) = preSolution
		Debug|Any CPU = Debug|Any CPU
		Release|Any CPU = Release|Any CPU
	EndGlobalSection
	GlobalSection(ProjectConfigurationPlatforms) = postSolution
		{87514329-6D54-4325-8662-A43BAE45AFD2}.Debug|Any CPU.ActiveCfg = Debug|Any CPU
		{87514329-6D54-4325-8662-A43BAE45AFD2}.Debug|Any CPU.Build.0 = Debug|Any CPU
		{87514329-6D54-4325-8662-A43BAE45AFD2}.Release|Any CPU.ActiveCfg = Release|Any CPU
		{87514329-6D54-4325-8662-A43BAE45AFD2}.Release|Any CPU.Build.0 = Release|Any CPU
	EndGlobalSection
	GlobalSection(SolutionProperties) = preSolution
		HideSolutionNode = FALSE
	EndGlobalSection
	GlobalSection(ExtensibilityGlobals) = postSolution
		SolutionGuid = {91FB770C-2DAD-4FCC-AF37-7508A2675814}
	EndGlobalSection
EndGlobal
